
Microsoft Visual Studio Solution File, Format Version 12.00
# Visual Studio 2015
Project("{FAE04EC0-301F-11D3-BF4B-00C04F79EFBC}") = "EmbodyV.2.0.0.CSharp.Plugins", "EmbodyV.2.0.0.CSharp.Plugins.csproj", "{18D5F7DA-C720-0E90-3832-419B5D1F34DE}"
EndProject
Project("{FAE04EC0-301F-11D3-BF4B-00C04F79EFBC}") = "EmbodyV.2.0.0.CSharp", "EmbodyV.2.0.0.CSharp.csproj", "{70B4CF18-6AB4-1618-E6D2-FDDE00E187E5}"
EndProject
Project("{FAE04EC0-301F-11D3-BF4B-00C04F79EFBC}") = "EmbodyV.2.0.0.CSharp.Editor", "EmbodyV.2.0.0.CSharp.Editor.csproj", "{A6DBF242-1F80-92D6-F964-F6F8518EB47B}"
EndProject
Global
	GlobalSection(SolutionConfigurationPlatforms) = preSolution
		Debug|Any CPU = Debug|Any CPU
		Release|Any CPU = Release|Any CPU
	EndGlobalSection
	GlobalSection(ProjectConfigurationPlatforms) = postSolution
		{18D5F7DA-C720-0E90-3832-419B5D1F34DE}.Debug|Any CPU.ActiveCfg = Debug|Any CPU
		{18D5F7DA-C720-0E90-3832-419B5D1F34DE}.Debug|Any CPU.Build.0 = Debug|Any CPU
		{18D5F7DA-C720-0E90-3832-419B5D1F34DE}.Release|Any CPU.ActiveCfg = Release|Any CPU
		{18D5F7DA-C720-0E90-3832-419B5D1F34DE}.Release|Any CPU.Build.0 = Release|Any CPU
		{70B4CF18-6AB4-1618-E6D2-FDDE00E187E5}.Debug|Any CPU.ActiveCfg = Debug|Any CPU
		{70B4CF18-6AB4-1618-E6D2-FDDE00E187E5}.Debug|Any CPU.Build.0 = Debug|Any CPU
		{70B4CF18-6AB4-1618-E6D2-FDDE00E187E5}.Release|Any CPU.ActiveCfg = Release|Any CPU
		{70B4CF18-6AB4-1618-E6D2-FDDE00E187E5}.Release|Any CPU.Build.0 = Release|Any CPU
		{A6DBF242-1F80-92D6-F964-F6F8518EB47B}.Debug|Any CPU.ActiveCfg = Debug|Any CPU
		{A6DBF242-1F80-92D6-F964-F6F8518EB47B}.Debug|Any CPU.Build.0 = Debug|Any CPU
		{A6DBF242-1F80-92D6-F964-F6F8518EB47B}.Release|Any CPU.ActiveCfg = Release|Any CPU
		{A6DBF242-1F80-92D6-F964-F6F8518EB47B}.Release|Any CPU.Build.0 = Release|Any CPU
	EndGlobalSection
	GlobalSection(SolutionProperties) = preSolution
		HideSolutionNode = FALSE
	EndGlobalSection
EndGlobal
