Microsoft Visual Studio Solution File, Format Version 11.00
# Visual Studio 2008

Project("{F449B7A6-221C-2DB1-A089-860906546711}") = "EmbodyV.2.0.0", "Assembly-CSharp-firstpass.csproj", "{77FE06CE-6013-305F-7995-3E1D330D3C07}"
EndProject
Project("{F449B7A6-221C-2DB1-A089-860906546711}") = "EmbodyV.2.0.0", "Assembly-CSharp.csproj", "{8E3F3581-730E-79CD-7B5B-FA4D7918B80B}"
EndProject
Global
	GlobalSection(SolutionConfigurationPlatforms) = preSolution
		Debug|Any CPU = Debug|Any CPU
		Release|Any CPU = Release|Any CPU
	EndGlobalSection
	GlobalSection(ProjectConfigurationPlatforms) = postSolution
		{77FE06CE-6013-305F-7995-3E1D330D3C07}.Debug|Any CPU.ActiveCfg = Debug|Any CPU
		{77FE06CE-6013-305F-7995-3E1D330D3C07}.Debug|Any CPU.Build.0 = Debug|Any CPU
		{77FE06CE-6013-305F-7995-3E1D330D3C07}.Release|Any CPU.ActiveCfg = Release|Any CPU
		{77FE06CE-6013-305F-7995-3E1D330D3C07}.Release|Any CPU.Build.0 = Release|Any CPU
		{8E3F3581-730E-79CD-7B5B-FA4D7918B80B}.Debug|Any CPU.ActiveCfg = Debug|Any CPU
		{8E3F3581-730E-79CD-7B5B-FA4D7918B80B}.Debug|Any CPU.Build.0 = Debug|Any CPU
		{8E3F3581-730E-79CD-7B5B-FA4D7918B80B}.Release|Any CPU.ActiveCfg = Release|Any CPU
		{8E3F3581-730E-79CD-7B5B-FA4D7918B80B}.Release|Any CPU.Build.0 = Release|Any CPU
	EndGlobalSection
	GlobalSection(SolutionProperties) = preSolution
		HideSolutionNode = FALSE
	EndGlobalSection
	GlobalSection(MonoDevelopProperties) = preSolution
		StartupItem = Assembly-CSharp.csproj
	EndGlobalSection
EndGlobal
