Microsoft Visual Studio Solution File, Format Version 11.00
# Visual Studio 2008

Project("{8BA5E8BE-F263-E51E-EE0A-132739312B60}") = "Embody Game", "Assembly-CSharp-firstpass.csproj", "{A7408328-DA41-20C2-7268-F39FAE0BB51A}"
EndProject
Project("{8BA5E8BE-F263-E51E-EE0A-132739312B60}") = "Embody Game", "Assembly-CSharp.csproj", "{A91515FA-E3EE-E5FF-34B2-98100FA17173}"
EndProject
Project("{8BA5E8BE-F263-E51E-EE0A-132739312B60}") = "Embody Game", "Assembly-CSharp-Editor.csproj", "{443C5694-C2AE-4BB7-7DCF-2C1F76CD63AD}"
EndProject
Global
	GlobalSection(SolutionConfigurationPlatforms) = preSolution
		Debug|Any CPU = Debug|Any CPU
		Release|Any CPU = Release|Any CPU
	EndGlobalSection
	GlobalSection(ProjectConfigurationPlatforms) = postSolution
		{A7408328-DA41-20C2-7268-F39FAE0BB51A}.Debug|Any CPU.ActiveCfg = Debug|Any CPU
		{A7408328-DA41-20C2-7268-F39FAE0BB51A}.Debug|Any CPU.Build.0 = Debug|Any CPU
		{A7408328-DA41-20C2-7268-F39FAE0BB51A}.Release|Any CPU.ActiveCfg = Release|Any CPU
		{A7408328-DA41-20C2-7268-F39FAE0BB51A}.Release|Any CPU.Build.0 = Release|Any CPU
		{A91515FA-E3EE-E5FF-34B2-98100FA17173}.Debug|Any CPU.ActiveCfg = Debug|Any CPU
		{A91515FA-E3EE-E5FF-34B2-98100FA17173}.Debug|Any CPU.Build.0 = Debug|Any CPU
		{A91515FA-E3EE-E5FF-34B2-98100FA17173}.Release|Any CPU.ActiveCfg = Release|Any CPU
		{A91515FA-E3EE-E5FF-34B2-98100FA17173}.Release|Any CPU.Build.0 = Release|Any CPU
		{443C5694-C2AE-4BB7-7DCF-2C1F76CD63AD}.Debug|Any CPU.ActiveCfg = Debug|Any CPU
		{443C5694-C2AE-4BB7-7DCF-2C1F76CD63AD}.Debug|Any CPU.Build.0 = Debug|Any CPU
		{443C5694-C2AE-4BB7-7DCF-2C1F76CD63AD}.Release|Any CPU.ActiveCfg = Release|Any CPU
		{443C5694-C2AE-4BB7-7DCF-2C1F76CD63AD}.Release|Any CPU.Build.0 = Release|Any CPU
	EndGlobalSection
	GlobalSection(SolutionProperties) = preSolution
		HideSolutionNode = FALSE
	EndGlobalSection
	GlobalSection(MonoDevelopProperties) = preSolution
		StartupItem = Assembly-CSharp.csproj
	EndGlobalSection
EndGlobal
